
Microsoft Visual Studio Solution File, Format Version 12.00
# Visual Studio Version 17
VisualStudioVersion = 17.2.32516.85
MinimumVisualStudioVersion = 10.0.40219.1
Project("{9A19103F-16F7-4668-BE54-9A1E7A4F7556}") = "Blog", "Blog\Blog.csproj", "{8D1648FA-D06E-4D26-BBBB-95DF217C70F9}"
EndProject
Project("{9A19103F-16F7-4668-BE54-9A1E7A4F7556}") = "WebAPI", "WebAPI\WebAPI.csproj", "{1F8F5368-B39A-426A-BAAE-7DDF2BACFC77}"
EndProject
Project("{9A19103F-16F7-4668-BE54-9A1E7A4F7556}") = "BlogTest", "BlogTest\BlogTest.csproj", "{00633AFA-ABAB-4FDC-AFF9-6DD852897E49}"
EndProject
Project("{FAE04EC0-301F-11D3-BF4B-00C04F79EFBC}") = "Data", "Data\Data.csproj", "{E4A3427C-954A-446F-A0BD-1468912C13CD}"
EndProject
Project("{FAE04EC0-301F-11D3-BF4B-00C04F79EFBC}") = "Domain", "Domain\Domain.csproj", "{AD143797-D766-4C58-AF1C-02BCB4A95C22}"
EndProject
Global
	GlobalSection(SolutionConfigurationPlatforms) = preSolution
		Debug|Any CPU = Debug|Any CPU
		Release|Any CPU = Release|Any CPU
	EndGlobalSection
	GlobalSection(ProjectConfigurationPlatforms) = postSolution
		{8D1648FA-D06E-4D26-BBBB-95DF217C70F9}.Debug|Any CPU.ActiveCfg = Debug|Any CPU
		{8D1648FA-D06E-4D26-BBBB-95DF217C70F9}.Debug|Any CPU.Build.0 = Debug|Any CPU
		{8D1648FA-D06E-4D26-BBBB-95DF217C70F9}.Release|Any CPU.ActiveCfg = Release|Any CPU
		{8D1648FA-D06E-4D26-BBBB-95DF217C70F9}.Release|Any CPU.Build.0 = Release|Any CPU
		{1F8F5368-B39A-426A-BAAE-7DDF2BACFC77}.Debug|Any CPU.ActiveCfg = Debug|Any CPU
		{1F8F5368-B39A-426A-BAAE-7DDF2BACFC77}.Debug|Any CPU.Build.0 = Debug|Any CPU
		{1F8F5368-B39A-426A-BAAE-7DDF2BACFC77}.Release|Any CPU.ActiveCfg = Release|Any CPU
		{1F8F5368-B39A-426A-BAAE-7DDF2BACFC77}.Release|Any CPU.Build.0 = Release|Any CPU
		{00633AFA-ABAB-4FDC-AFF9-6DD852897E49}.Debug|Any CPU.ActiveCfg = Debug|Any CPU
		{00633AFA-ABAB-4FDC-AFF9-6DD852897E49}.Debug|Any CPU.Build.0 = Debug|Any CPU
		{00633AFA-ABAB-4FDC-AFF9-6DD852897E49}.Release|Any CPU.ActiveCfg = Release|Any CPU
		{00633AFA-ABAB-4FDC-AFF9-6DD852897E49}.Release|Any CPU.Build.0 = Release|Any CPU
		{E4A3427C-954A-446F-A0BD-1468912C13CD}.Debug|Any CPU.ActiveCfg = Debug|Any CPU
		{E4A3427C-954A-446F-A0BD-1468912C13CD}.Debug|Any CPU.Build.0 = Debug|Any CPU
		{E4A3427C-954A-446F-A0BD-1468912C13CD}.Release|Any CPU.ActiveCfg = Release|Any CPU
		{E4A3427C-954A-446F-A0BD-1468912C13CD}.Release|Any CPU.Build.0 = Release|Any CPU
		{AD143797-D766-4C58-AF1C-02BCB4A95C22}.Debug|Any CPU.ActiveCfg = Debug|Any CPU
		{AD143797-D766-4C58-AF1C-02BCB4A95C22}.Debug|Any CPU.Build.0 = Debug|Any CPU
		{AD143797-D766-4C58-AF1C-02BCB4A95C22}.Release|Any CPU.ActiveCfg = Release|Any CPU
		{AD143797-D766-4C58-AF1C-02BCB4A95C22}.Release|Any CPU.Build.0 = Release|Any CPU
	EndGlobalSection
	GlobalSection(SolutionProperties) = preSolution
		HideSolutionNode = FALSE
	EndGlobalSection
	GlobalSection(ExtensibilityGlobals) = postSolution
		SolutionGuid = {A8C139EC-6F04-459F-BE4B-E56BFF77F637}
	EndGlobalSection
EndGlobal
